<?xml version="1.0" encoding="utf-8"?>
<Project ToolsVersion="17.0" xmlns="http://schemas.microsoft.com/developer/msbuild/2003">
  <ItemGroup>
    <ClCompile Include="C:\Users\e41877u\Documents\Software_engineering\software_engineering_project_2025\tests\test-version.cpp">
      <Filter>Source Files</Filter>
    </ClCompile>
  </ItemGroup>
  <ItemGroup>
    <CustomBuild Include="C:\Users\e41877u\Documents\Software_engineering\software_engineering_project_2025\tests\CMakeLists.txt" />
  </ItemGroup>
  <ItemGroup>
    <Filter Include="Source Files">
      <UniqueIdentifier>{580B1A89-1ADA-3C0A-B9A5-3CB4E2291CAD}</UniqueIdentifier>
    </Filter>
  </ItemGroup>
</Project>
